{
  "name": "custom-activity",
  "lockfileVersion": 3,
  "requires": true,
  "packages": {
    "": {
      "dependencies": {
        "postmonger": "^0.0.16"
      }
    },
    "node_modules/postmonger": {
      "version": "0.0.16",
      "resolved": "https://registry.npmjs.org/postmonger/-/postmonger-0.0.16.tgz",
      "integrity": "sha512-K95me9cEvbnN4c11ErLTGJ6NAIsDw1lZvis+Ou+tv3gK/TbU3Gk0gwRsb4F8YXsUH/sQQsyzhvo9kgdzBekr2g==",
      "engines": {
        "node": ">=4.4.0"
      }
    }
  }
}
